
Microsoft Visual Studio Solution File, Format Version 12.00
# Visual Studio Version 17
VisualStudioVersion = 17.7.34009.444
MinimumVisualStudioVersion = 10.0.40219.1
Project("{FAE04EC0-301F-11D3-BF4B-00C04F79EFBC}") = "getAge", "getAge.csproj", "{542E1798-083E-4B1E-A15E-CE11A1BB72C2}"
EndProject
Global
	GlobalSection(SolutionConfigurationPlatforms) = preSolution
		Debug|Any CPU = Debug|Any CPU
		Release|Any CPU = Release|Any CPU
	EndGlobalSection
	GlobalSection(ProjectConfigurationPlatforms) = postSolution
		{542E1798-083E-4B1E-A15E-CE11A1BB72C2}.Debug|Any CPU.ActiveCfg = Debug|Any CPU
		{542E1798-083E-4B1E-A15E-CE11A1BB72C2}.Debug|Any CPU.Build.0 = Debug|Any CPU
		{542E1798-083E-4B1E-A15E-CE11A1BB72C2}.Release|Any CPU.ActiveCfg = Release|Any CPU
		{542E1798-083E-4B1E-A15E-CE11A1BB72C2}.Release|Any CPU.Build.0 = Release|Any CPU
	EndGlobalSection
	GlobalSection(SolutionProperties) = preSolution
		HideSolutionNode = FALSE
	EndGlobalSection
	GlobalSection(ExtensibilityGlobals) = postSolution
		SolutionGuid = {7DA4B56E-2527-4598-97A2-0389D35AB2F3}
	EndGlobalSection
EndGlobal
